// !$*UTF8*$!
{
	archiveVersion = 1;
	classes = {
	};
	objectVersion = 77;
	objects = {

/* Begin PBXBuildFile section */
		F0D2A010B7D24E51900AA110 /* InfrastructureDependencies in Frameworks */ = {isa = PBXBuildFile; productRef = F0D2A012B7D24E51900AA112 /* InfrastructureDependencies */; };
/* End PBXBuildFile section */

/* Begin PBXContainerItemProxy section */
		2D6913B12F8C291C00FC26B8 /* PBXContainerItemProxy */ = {
			isa = PBXContainerItemProxy;
			containerPortal = 2D69139B2F8C291A00FC26B8 /* Project object */;
			proxyType = 1;
			remoteGlobalIDString = 2D6913A22F8C291A00FC26B8;
			remoteInfo = aicalendarapp;
		};
		2D6913BB2F8C291C00FC26B8 /* PBXContainerItemProxy */ = {
			isa = PBXContainerItemProxy;
			containerPortal = 2D69139B2F8C291A00FC26B8 /* Project object */;
			proxyType = 1;
			remoteGlobalIDString = 2D6913A22F8C291A00FC26B8;
			remoteInfo = aicalendarapp;
		};
/* End PBXContainerItemProxy section */

/* Begin PBXFileReference section */
		2D6913A32F8C291A00FC26B8 /* aicalendarapp.app */ = {isa = PBXFileReference; explicitFileType = wrapper.application; includeInIndex = 0; path = aicalendarapp.app; sourceTree = BUILT_PRODUCTS_DIR; };
		2D6913B02F8C291C00FC26B8 /* aicalendarappTests.xctest */ = {isa = PBXFileReference; explicitFileType = wrapper.cfbundle; includeInIndex = 0; path = aicalendarappTests.xctest; sourceTree = BUILT_PRODUCTS_DIR; };
		2D6913BA2F8C291C00FC26B8 /* aicalendarappUITests.xctest */ = {isa = PBXFileReference; explicitFileType = wrapper.cfbundle; includeInIndex = 0; path = aicalendarappUITests.xctest; sourceTree = BUILT_PRODUCTS_DIR; };
		F0D2A001B7D24E51900AA101 /* iOSApp/Resources/Config/Debug.xcconfig */ = {isa = PBXFileReference; lastKnownFileType = text.xcconfig; path = iOSApp/Resources/Config/Debug.xcconfig; sourceTree = SOURCE_ROOT; };
		F0D2A002B7D24E51900AA102 /* iOSApp/Resources/Config/Release.xcconfig */ = {isa = PBXFileReference; lastKnownFileType = text.xcconfig; path = iOSApp/Resources/Config/Release.xcconfig; sourceTree = SOURCE_ROOT; };
/* End PBXFileReference section */

/* Begin PBXFileSystemSynchronizedBuildFileExceptionSet section */
		F0D2A020B7D24E51900AA120 /* Exceptions for "iOSApp" folder in "aicalendarapp" target */ = {
			isa = PBXFileSystemSynchronizedBuildFileExceptionSet;
			membershipExceptions = (
				Resources/Config/Debug.xcconfig,
				Resources/Config/GoogleService-Info.plist.template,
				Resources/Config/Release.xcconfig,
				Resources/Config/Secrets.debug.xcconfig,
				Resources/Config/Secrets.template.xcconfig,
				Resources/Config/Secrets.xcconfig,
			);
			target = 2D6913A22F8C291A00FC26B8 /* aicalendarapp */;
		};
/* End PBXFileSystemSynchronizedBuildFileExceptionSet section */

/* Begin PBXFileSystemSynchronizedRootGroup section */
		2D6913A52F8C291A00FC26B8 /* iOSApp */ = {
			isa = PBXFileSystemSynchronizedRootGroup;
			exceptions = (
				F0D2A020B7D24E51900AA120 /* Exceptions for "iOSApp" folder in "aicalendarapp" target */,
			);
			path = iOSApp;
			sourceTree = "<group>";
		};
		2D6913B32F8C291C00FC26B8 /* iOSAppTests */ = {
			isa = PBXFileSystemSynchronizedRootGroup;
			path = iOSAppTests;
			sourceTree = "<group>";
		};
		2D6913BD2F8C291C00FC26B8 /* iOSAppUITests */ = {
			isa = PBXFileSystemSynchronizedRootGroup;
			path = iOSAppUITests;
			sourceTree = "<group>";
		};
/* End PBXFileSystemSynchronizedRootGroup section */

/* Begin PBXFrameworksBuildPhase section */
		2D6913A02F8C291A00FC26B8 /* Frameworks */ = {
			isa = PBXFrameworksBuildPhase;
			buildActionMask = 2147483647;
			files = (
				F0D2A010B7D24E51900AA110 /* InfrastructureDependencies in Frameworks */,
			);
			runOnlyForDeploymentPostprocessing = 0;
		};
		2D6913AD2F8C291C00FC26B8 /* Frameworks */ = {
			isa = PBXFrameworksBuildPhase;
			buildActionMask = 2147483647;
			files = (
			);
			runOnlyForDeploymentPostprocessing = 0;
		};
		2D6913B72F8C291C00FC26B8 /* Frameworks */ = {
			isa = PBXFrameworksBuildPhase;
			buildActionMask = 2147483647;
			files = (
			);
			runOnlyForDeploymentPostprocessing = 0;
		};
/* End PBXFrameworksBuildPhase section */

/* Begin PBXGroup section */
		2D69139A2F8C291A00FC26B8 = {
			isa = PBXGroup;
			children = (
				2D6913A52F8C291A00FC26B8 /* iOSApp */,
				2D6913B32F8C291C00FC26B8 /* iOSAppTests */,
				2D6913BD2F8C291C00FC26B8 /* iOSAppUITests */,
				2D6913A42F8C291A00FC26B8 /* Products */,
				F0D2A001B7D24E51900AA101 /* iOSApp/Resources/Config/Debug.xcconfig */,
				F0D2A002B7D24E51900AA102 /* iOSApp/Resources/Config/Release.xcconfig */,
			);
			sourceTree = "<group>";
		};
		2D6913A42F8C291A00FC26B8 /* Products */ = {
			isa = PBXGroup;
			children = (
				2D6913A32F8C291A00FC26B8 /* aicalendarapp.app */,
				2D6913B02F8C291C00FC26B8 /* aicalendarappTests.xctest */,
				2D6913BA2F8C291C00FC26B8 /* aicalendarappUITests.xctest */,
			);
			name = Products;
			sourceTree = "<group>";
		};
/* End PBXGroup section */

/* Begin PBXNativeTarget section */
		2D6913A22F8C291A00FC26B8 /* aicalendarapp */ = {
			isa = PBXNativeTarget;
			buildConfigurationList = 2D6913C42F8C291C00FC26B8 /* Build configuration list for PBXNativeTarget "aicalendarapp" */;
			buildPhases = (
				2D69139F2F8C291A00FC26B8 /* Sources */,
				2D6913A02F8C291A00FC26B8 /* Frameworks */,
				2D6913A12F8C291A00FC26B8 /* Resources */,
			);
			buildRules = (
			);
			dependencies = (
			);
			fileSystemSynchronizedGroups = (
				2D6913A52F8C291A00FC26B8 /* iOSApp */,
			);
			name = aicalendarapp;
			packageProductDependencies = (
				F0D2A012B7D24E51900AA112 /* InfrastructureDependencies */,
			);
			productName = aicalendarapp;
			productReference = 2D6913A32F8C291A00FC26B8 /* aicalendarapp.app */;
			productType = "com.apple.product-type.application";
		};
		2D6913AF2F8C291C00FC26B8 /* aicalendarappTests */ = {
			isa = PBXNativeTarget;
			buildConfigurationList = 2D6913C72F8C291C00FC26B8 /* Build configuration list for PBXNativeTarget "aicalendarappTests" */;
			buildPhases = (
				2D6913AC2F8C291C00FC26B8 /* Sources */,
				2D6913AD2F8C291C00FC26B8 /* Frameworks */,
				2D6913AE2F8C291C00FC26B8 /* Resources */,
			);
			buildRules = (
			);
			dependencies = (
				2D6913B22F8C291C00FC26B8 /* PBXTargetDependency */,
			);
			fileSystemSynchronizedGroups = (
				2D6913B32F8C291C00FC26B8 /* iOSAppTests */,
			);
			name = aicalendarappTests;
			packageProductDependencies = (
			);
			productName = aicalendarappTests;
			productReference = 2D6913B02F8C291C00FC26B8 /* aicalendarappTests.xctest */;
			productType = "com.apple.product-type.bundle.unit-test";
		};
		2D6913B92F8C291C00FC26B8 /* aicalendarappUITests */ = {
			isa = PBXNativeTarget;
			buildConfigurationList = 2D6913CA2F8C291C00FC26B8 /* Build configuration list for PBXNativeTarget "aicalendarappUITests" */;
			buildPhases = (
				2D6913B62F8C291C00FC26B8 /* Sources */,
				2D6913B72F8C291C00FC26B8 /* Frameworks */,
				2D6913B82F8C291C00FC26B8 /* Resources */,
			);
			buildRules = (
			);
			dependencies = (
				2D6913BC2F8C291C00FC26B8 /* PBXTargetDependency */,
			);
			fileSystemSynchronizedGroups = (
				2D6913BD2F8C291C00FC26B8 /* iOSAppUITests */,
			);
			name = aicalendarappUITests;
			packageProductDependencies = (
			);
			productName = aicalendarappUITests;
			productReference = 2D6913BA2F8C291C00FC26B8 /* aicalendarappUITests.xctest */;
			productType = "com.apple.product-type.bundle.ui-testing";
		};
/* End PBXNativeTarget section */

/* Begin PBXProject section */
		2D69139B2F8C291A00FC26B8 /* Project object */ = {
			isa = PBXProject;
			attributes = {
				BuildIndependentTargetsInParallel = 1;
				LastSwiftUpdateCheck = 2630;
				LastUpgradeCheck = 2630;
				TargetAttributes = {
					2D6913A22F8C291A00FC26B8 = {
						CreatedOnToolsVersion = 26.3;
					};
					2D6913AF2F8C291C00FC26B8 = {
						CreatedOnToolsVersion = 26.3;
						TestTargetID = 2D6913A22F8C291A00FC26B8;
					};
					2D6913B92F8C291C00FC26B8 = {
						CreatedOnToolsVersion = 26.3;
						TestTargetID = 2D6913A22F8C291A00FC26B8;
					};
				};
			};
			buildConfigurationList = 2D69139E2F8C291A00FC26B8 /* Build configuration list for PBXProject "aicalendarapp" */;
			developmentRegion = en;
			hasScannedForEncodings = 0;
			knownRegions = (
				en,
				Base,
			);
			mainGroup = 2D69139A2F8C291A00FC26B8;
			minimizedProjectReferenceProxies = 1;
			packageReferences = (
				F0D2A011B7D24E51900AA111 /* XCLocalSwiftPackageReference "." */,
			);
			preferredProjectObjectVersion = 77;
			productRefGroup = 2D6913A42F8C291A00FC26B8 /* Products */;
			projectDirPath = "";
			projectRoot = "";
			targets = (
				2D6913A22F8C291A00FC26B8 /* aicalendarapp */,
				2D6913AF2F8C291C00FC26B8 /* aicalendarappTests */,
				2D6913B92F8C291C00FC26B8 /* aicalendarappUITests */,
			);
		};
/* End PBXProject section */

/* Begin PBXResourcesBuildPhase section */
		2D6913A12F8C291A00FC26B8 /* Resources */ = {
			isa = PBXResourcesBuildPhase;
			buildActionMask = 2147483647;
			files = (
			);
			runOnlyForDeploymentPostprocessing = 0;
		};
		2D6913AE2F8C291C00FC26B8 /* Resources */ = {
			isa = PBXResourcesBuildPhase;
			buildActionMask = 2147483647;
			files = (
			);
			runOnlyForDeploymentPostprocessing = 0;
		};
		2D6913B82F8C291C00FC26B8 /* Resources */ = {
			isa = PBXResourcesBuildPhase;
			buildActionMask = 2147483647;
			files = (
			);
			runOnlyForDeploymentPostprocessing = 0;
		};
/* End PBXResourcesBuildPhase section */

/* Begin PBXSourcesBuildPhase section */
		2D69139F2F8C291A00FC26B8 /* Sources */ = {
			isa = PBXSourcesBuildPhase;
			buildActionMask = 2147483647;
			files = (
			);
			runOnlyForDeploymentPostprocessing = 0;
		};
		2D6913AC2F8C291C00FC26B8 /* Sources */ = {
			isa = PBXSourcesBuildPhase;
			buildActionMask = 2147483647;
			files = (
			);
			runOnlyForDeploymentPostprocessing = 0;
		};
		2D6913B62F8C291C00FC26B8 /* Sources */ = {
			isa = PBXSourcesBuildPhase;
			buildActionMask = 2147483647;
			files = (
			);
			runOnlyForDeploymentPostprocessing = 0;
		};
/* End PBXSourcesBuildPhase section */

/* Begin PBXTargetDependency section */
		2D6913B22F8C291C00FC26B8 /* PBXTargetDependency */ = {
			isa = PBXTargetDependency;
			target = 2D6913A22F8C291A00FC26B8 /* aicalendarapp */;
			targetProxy = 2D6913B12F8C291C00FC26B8 /* PBXContainerItemProxy */;
		};
		2D6913BC2F8C291C00FC26B8 /* PBXTargetDependency */ = {
			isa = PBXTargetDependency;
			target = 2D6913A22F8C291A00FC26B8 /* aicalendarapp */;
			targetProxy = 2D6913BB2F8C291C00FC26B8 /* PBXContainerItemProxy */;
		};
/* End PBXTargetDependency section */

/* Begin XCBuildConfiguration section */
		2D6913C22F8C291C00FC26B8 /* Debug */ = {
			isa = XCBuildConfiguration;
			buildSettings = {
				ALWAYS_SEARCH_USER_PATHS = NO;
				ASSETCATALOG_COMPILER_GENERATE_SWIFT_ASSET_SYMBOL_EXTENSIONS = YES;
				CLANG_ANALYZER_NONNULL = YES;
				CLANG_ANALYZER_NUMBER_OBJECT_CONVERSION = YES_AGGRESSIVE;
				CLANG_CXX_LANGUAGE_STANDARD = "gnu++20";
				CLANG_ENABLE_MODULES = YES;
				CLANG_ENABLE_OBJC_ARC = YES;
				CLANG_ENABLE_OBJC_WEAK = YES;
				CLANG_WARN_BLOCK_CAPTURE_AUTORELEASING = YES;
				CLANG_WARN_BOOL_CONVERSION = YES;
				CLANG_WARN_COMMA = YES;
				CLANG_WARN_CONSTANT_CONVERSION = YES;
				CLANG_WARN_DEPRECATED_OBJC_IMPLEMENTATIONS = YES;
				CLANG_WARN_DIRECT_OBJC_ISA_USAGE = YES_ERROR;
				CLANG_WARN_DOCUMENTATION_COMMENTS = YES;
				CLANG_WARN_EMPTY_BODY = YES;
				CLANG_WARN_ENUM_CONVERSION = YES;
				CLANG_WARN_INFINITE_RECURSION = YES;
				CLANG_WARN_INT_CONVERSION = YES;
				CLANG_WARN_NON_LITERAL_NULL_CONVERSION = YES;
				CLANG_WARN_OBJC_IMPLICIT_RETAIN_SELF = YES;
				CLANG_WARN_OBJC_LITERAL_CONVERSION = YES;
				CLANG_WARN_OBJC_ROOT_CLASS = YES_ERROR;
				CLANG_WARN_QUOTED_INCLUDE_IN_FRAMEWORK_HEADER = YES;
				CLANG_WARN_RANGE_LOOP_ANALYSIS = YES;
				CLANG_WARN_STRICT_PROTOTYPES = YES;
				CLANG_WARN_SUSPICIOUS_MOVE = YES;
				CLANG_WARN_UNGUARDED_AVAILABILITY = YES_AGGRESSIVE;
				CLANG_WARN_UNREACHABLE_CODE = YES;
				CLANG_WARN__DUPLICATE_METHOD_MATCH = YES;
				COPY_PHASE_STRIP = NO;
				DEBUG_INFORMATION_FORMAT = dwarf;
				ENABLE_STRICT_OBJC_MSGSEND = YES;
				ENABLE_TESTABILITY = YES;
				ENABLE_USER_SCRIPT_SANDBOXING = YES;
				GCC_C_LANGUAGE_STANDARD = gnu17;
				GCC_DYNAMIC_NO_PIC = NO;
				GCC_NO_COMMON_BLOCKS = YES;
				GCC_OPTIMIZATION_LEVEL = 0;
				GCC_PREPROCESSOR_DEFINITIONS = (
					"DEBUG=1",
					"$(inherited)",
				);
				GCC_WARN_64_TO_32_BIT_CONVERSION = YES;
				GCC_WARN_ABOUT_RETURN_TYPE = YES_ERROR;
				GCC_WARN_UNDECLARED_SELECTOR = YES;
				GCC_WARN_UNINITIALIZED_AUTOS = YES_AGGRESSIVE;
				GCC_WARN_UNUSED_FUNCTION = YES;
				GCC_WARN_UNUSED_VARIABLE = YES;
				IPHONEOS_DEPLOYMENT_TARGET = 17.0;
				LOCALIZATION_PREFERS_STRING_CATALOGS = YES;
				MTL_ENABLE_DEBUG_INFO = INCLUDE_SOURCE;
				MTL_FAST_MATH = YES;
				ONLY_ACTIVE_ARCH = YES;
				SDKROOT = iphoneos;
				SWIFT_ACTIVE_COMPILATION_CONDITIONS = "DEBUG $(inherited)";
				SWIFT_OPTIMIZATION_LEVEL = "-Onone";
			};
			name = Debug;
		};
		2D6913C32F8C291C00FC26B8 /* Release */ = {
			isa = XCBuildConfiguration;
			buildSettings = {
				ALWAYS_SEARCH_USER_PATHS = NO;
				ASSETCATALOG_COMPILER_GENERATE_SWIFT_ASSET_SYMBOL_EXTENSIONS = YES;
				CLANG_ANALYZER_NONNULL = YES;
				CLANG_ANALYZER_NUMBER_OBJECT_CONVERSION = YES_AGGRESSIVE;
				CLANG_CXX_LANGUAGE_STANDARD = "gnu++20";
				CLANG_ENABLE_MODULES = YES;
				CLANG_ENABLE_OBJC_ARC = YES;
				CLANG_ENABLE_OBJC_WEAK = YES;
				CLANG_WARN_BLOCK_CAPTURE_AUTORELEASING = YES;
				CLANG_WARN_BOOL_CONVERSION = YES;
				CLANG_WARN_COMMA = YES;
				CLANG_WARN_CONSTANT_CONVERSION = YES;
				CLANG_WARN_DEPRECATED_OBJC_IMPLEMENTATIONS = YES;
				CLANG_WARN_DIRECT_OBJC_ISA_USAGE = YES_ERROR;
				CLANG_WARN_DOCUMENTATION_COMMENTS = YES;
				CLANG_WARN_EMPTY_BODY = YES;
				CLANG_WARN_ENUM_CONVERSION = YES;
				CLANG_WARN_INFINITE_RECURSION = YES;
				CLANG_WARN_INT_CONVERSION = YES;
				CLANG_WARN_NON_LITERAL_NULL_CONVERSION = YES;
				CLANG_WARN_OBJC_IMPLICIT_RETAIN_SELF = YES;
				CLANG_WARN_OBJC_LITERAL_CONVERSION = YES;
				CLANG_WARN_OBJC_ROOT_CLASS = YES_ERROR;
				CLANG_WARN_QUOTED_INCLUDE_IN_FRAMEWORK_HEADER = YES;
				CLANG_WARN_RANGE_LOOP_ANALYSIS = YES;
				CLANG_WARN_STRICT_PROTOTYPES = YES;
				CLANG_WARN_SUSPICIOUS_MOVE = YES;
				CLANG_WARN_UNGUARDED_AVAILABILITY = YES_AGGRESSIVE;
				CLANG_WARN_UNREACHABLE_CODE = YES;
				CLANG_WARN__DUPLICATE_METHOD_MATCH = YES;
				COPY_PHASE_STRIP = NO;
				DEBUG_INFORMATION_FORMAT = "dwarf-with-dsym";
				ENABLE_NS_ASSERTIONS = NO;
				ENABLE_STRICT_OBJC_MSGSEND = YES;
				ENABLE_USER_SCRIPT_SANDBOXING = YES;
				GCC_C_LANGUAGE_STANDARD = gnu17;
				GCC_NO_COMMON_BLOCKS = YES;
				GCC_WARN_64_TO_32_BIT_CONVERSION = YES;
				GCC_WARN_ABOUT_RETURN_TYPE = YES_ERROR;
				GCC_WARN_UNDECLARED_SELECTOR = YES;
				GCC_WARN_UNINITIALIZED_AUTOS = YES_AGGRESSIVE;
				GCC_WARN_UNUSED_FUNCTION = YES;
				GCC_WARN_UNUSED_VARIABLE = YES;
				IPHONEOS_DEPLOYMENT_TARGET = 17.0;
				LOCALIZATION_PREFERS_STRING_CATALOGS = YES;
				MTL_ENABLE_DEBUG_INFO = NO;
				MTL_FAST_MATH = YES;
				SDKROOT = iphoneos;
				SWIFT_COMPILATION_MODE = wholemodule;
				VALIDATE_PRODUCT = YES;
			};
			name = Release;
		};
		2D6913C52F8C291C00FC26B8 /* Debug */ = {
			isa = XCBuildConfiguration;
			baseConfigurationReference = F0D2A001B7D24E51900AA101 /* iOSApp/Resources/Config/Debug.xcconfig */;
			buildSettings = {
				ASSETCATALOG_COMPILER_APPICON_NAME = AppIcon;
				ASSETCATALOG_COMPILER_GLOBAL_ACCENT_COLOR_NAME = AccentColor;
				CODE_SIGN_ENTITLEMENTS = iOSApp/aicalendarapp.entitlements;
				CODE_SIGN_STYLE = Automatic;
				CURRENT_PROJECT_VERSION = 1;
				ENABLE_PREVIEWS = YES;
				GENERATE_INFOPLIST_FILE = NO;
				INFOPLIST_FILE = Config/Info.plist;
				IPHONEOS_DEPLOYMENT_TARGET = 17.0;
				LD_RUNPATH_SEARCH_PATHS = (
					"$(inherited)",
					"@executable_path/Frameworks",
				);
				MARKETING_VERSION = 1.0;
				OTHER_LDFLAGS = (
					"$(inherited)",
					"-ObjC",
				);
				PRODUCT_BUNDLE_IDENTIFIER = com.langqi.aicalendarapp;
				PRODUCT_NAME = "$(TARGET_NAME)";
				STRING_CATALOG_GENERATE_SYMBOLS = YES;
				SWIFT_APPROACHABLE_CONCURRENCY = YES;
				SWIFT_DEFAULT_ACTOR_ISOLATION = MainActor;
				SWIFT_EMIT_LOC_STRINGS = YES;
				SWIFT_UPCOMING_FEATURE_MEMBER_IMPORT_VISIBILITY = YES;
				SWIFT_VERSION = 5.0;
				TARGETED_DEVICE_FAMILY = "1,2";
			};
			name = Debug;
		};
		2D6913C62F8C291C00FC26B8 /* Release */ = {
			isa = XCBuildConfiguration;
			baseConfigurationReference = F0D2A002B7D24E51900AA102 /* iOSApp/Resources/Config/Release.xcconfig */;
			buildSettings = {
				ASSETCATALOG_COMPILER_APPICON_NAME = AppIcon;
				ASSETCATALOG_COMPILER_GLOBAL_ACCENT_COLOR_NAME = AccentColor;
				CODE_SIGN_ENTITLEMENTS = iOSApp/aicalendarapp.entitlements;
				CODE_SIGN_STYLE = Automatic;
				CURRENT_PROJECT_VERSION = 1;
				ENABLE_PREVIEWS = YES;
				GENERATE_INFOPLIST_FILE = NO;
				INFOPLIST_FILE = Config/Info.plist;
				IPHONEOS_DEPLOYMENT_TARGET = 17.0;
				LD_RUNPATH_SEARCH_PATHS = (
					"$(inherited)",
					"@executable_path/Frameworks",
				);
				MARKETING_VERSION = 1.0;
				OTHER_LDFLAGS = (
					"$(inherited)",
					"-ObjC",
				);
				PRODUCT_BUNDLE_IDENTIFIER = com.langqi.aicalendarapp;
				PRODUCT_NAME = "$(TARGET_NAME)";
				STRING_CATALOG_GENERATE_SYMBOLS = YES;
				SWIFT_APPROACHABLE_CONCURRENCY = YES;
				SWIFT_DEFAULT_ACTOR_ISOLATION = MainActor;
				SWIFT_EMIT_LOC_STRINGS = YES;
				SWIFT_UPCOMING_FEATURE_MEMBER_IMPORT_VISIBILITY = YES;
				SWIFT_VERSION = 5.0;
				TARGETED_DEVICE_FAMILY = "1,2";
			};
			name = Release;
		};
		2D6913C82F8C291C00FC26B8 /* Debug */ = {
			isa = XCBuildConfiguration;
			buildSettings = {
				BUNDLE_LOADER = "$(TEST_HOST)";
				CODE_SIGN_STYLE = Automatic;
				CURRENT_PROJECT_VERSION = 1;
				GENERATE_INFOPLIST_FILE = YES;
				IPHONEOS_DEPLOYMENT_TARGET = 17.0;
				MARKETING_VERSION = 1.0;
				PRODUCT_BUNDLE_IDENTIFIER = com.langqi.aicalendarappTests;
				PRODUCT_NAME = "$(TARGET_NAME)";
				STRING_CATALOG_GENERATE_SYMBOLS = NO;
				SWIFT_APPROACHABLE_CONCURRENCY = YES;
				SWIFT_EMIT_LOC_STRINGS = NO;
				SWIFT_UPCOMING_FEATURE_MEMBER_IMPORT_VISIBILITY = YES;
				SWIFT_VERSION = 5.0;
				TARGETED_DEVICE_FAMILY = "1,2";
				TEST_HOST = "$(BUILT_PRODUCTS_DIR)/aicalendarapp.app/$(BUNDLE_EXECUTABLE_FOLDER_PATH)/aicalendarapp";
			};
			name = Debug;
		};
		2D6913C92F8C291C00FC26B8 /* Release */ = {
			isa = XCBuildConfiguration;
			buildSettings = {
				BUNDLE_LOADER = "$(TEST_HOST)";
				CODE_SIGN_STYLE = Automatic;
				CURRENT_PROJECT_VERSION = 1;
				GENERATE_INFOPLIST_FILE = YES;
				IPHONEOS_DEPLOYMENT_TARGET = 17.0;
				MARKETING_VERSION = 1.0;
				PRODUCT_BUNDLE_IDENTIFIER = com.langqi.aicalendarappTests;
				PRODUCT_NAME = "$(TARGET_NAME)";
				STRING_CATALOG_GENERATE_SYMBOLS = NO;
				SWIFT_APPROACHABLE_CONCURRENCY = YES;
				SWIFT_EMIT_LOC_STRINGS = NO;
				SWIFT_UPCOMING_FEATURE_MEMBER_IMPORT_VISIBILITY = YES;
				SWIFT_VERSION = 5.0;
				TARGETED_DEVICE_FAMILY = "1,2";
				TEST_HOST = "$(BUILT_PRODUCTS_DIR)/aicalendarapp.app/$(BUNDLE_EXECUTABLE_FOLDER_PATH)/aicalendarapp";
			};
			name = Release;
		};
		2D6913CB2F8C291C00FC26B8 /* Debug */ = {
			isa = XCBuildConfiguration;
			buildSettings = {
				CODE_SIGN_STYLE = Automatic;
				CURRENT_PROJECT_VERSION = 1;
				GENERATE_INFOPLIST_FILE = YES;
				MARKETING_VERSION = 1.0;
				PRODUCT_BUNDLE_IDENTIFIER = com.langqi.aicalendarappUITests;
				PRODUCT_NAME = "$(TARGET_NAME)";
				STRING_CATALOG_GENERATE_SYMBOLS = NO;
				SWIFT_APPROACHABLE_CONCURRENCY = YES;
				SWIFT_EMIT_LOC_STRINGS = NO;
				SWIFT_UPCOMING_FEATURE_MEMBER_IMPORT_VISIBILITY = YES;
				SWIFT_VERSION = 5.0;
				TARGETED_DEVICE_FAMILY = "1,2";
				TEST_TARGET_NAME = aicalendarapp;
			};
			name = Debug;
		};
		2D6913CC2F8C291C00FC26B8 /* Release */ = {
			isa = XCBuildConfiguration;
			buildSettings = {
				CODE_SIGN_STYLE = Automatic;
				CURRENT_PROJECT_VERSION = 1;
				GENERATE_INFOPLIST_FILE = YES;
				MARKETING_VERSION = 1.0;
				PRODUCT_BUNDLE_IDENTIFIER = com.langqi.aicalendarappUITests;
				PRODUCT_NAME = "$(TARGET_NAME)";
				STRING_CATALOG_GENERATE_SYMBOLS = NO;
				SWIFT_APPROACHABLE_CONCURRENCY = YES;
				SWIFT_EMIT_LOC_STRINGS = NO;
				SWIFT_UPCOMING_FEATURE_MEMBER_IMPORT_VISIBILITY = YES;
				SWIFT_VERSION = 5.0;
				TARGETED_DEVICE_FAMILY = "1,2";
				TEST_TARGET_NAME = aicalendarapp;
			};
			name = Release;
		};
/* End XCBuildConfiguration section */

/* Begin XCConfigurationList section */
		2D69139E2F8C291A00FC26B8 /* Build configuration list for PBXProject "aicalendarapp" */ = {
			isa = XCConfigurationList;
			buildConfigurations = (
				2D6913C22F8C291C00FC26B8 /* Debug */,
				2D6913C32F8C291C00FC26B8 /* Release */,
			);
			defaultConfigurationIsVisible = 0;
			defaultConfigurationName = Release;
		};
		2D6913C42F8C291C00FC26B8 /* Build configuration list for PBXNativeTarget "aicalendarapp" */ = {
			isa = XCConfigurationList;
			buildConfigurations = (
				2D6913C52F8C291C00FC26B8 /* Debug */,
				2D6913C62F8C291C00FC26B8 /* Release */,
			);
			defaultConfigurationIsVisible = 0;
			defaultConfigurationName = Release;
		};
		2D6913C72F8C291C00FC26B8 /* Build configuration list for PBXNativeTarget "aicalendarappTests" */ = {
			isa = XCConfigurationList;
			buildConfigurations = (
				2D6913C82F8C291C00FC26B8 /* Debug */,
				2D6913C92F8C291C00FC26B8 /* Release */,
			);
			defaultConfigurationIsVisible = 0;
			defaultConfigurationName = Release;
		};
		2D6913CA2F8C291C00FC26B8 /* Build configuration list for PBXNativeTarget "aicalendarappUITests" */ = {
			isa = XCConfigurationList;
			buildConfigurations = (
				2D6913CB2F8C291C00FC26B8 /* Debug */,
				2D6913CC2F8C291C00FC26B8 /* Release */,
			);
			defaultConfigurationIsVisible = 0;
			defaultConfigurationName = Release;
		};
/* End XCConfigurationList section */

/* Begin XCLocalSwiftPackageReference section */
		F0D2A011B7D24E51900AA111 /* XCLocalSwiftPackageReference "." */ = {
			isa = XCLocalSwiftPackageReference;
			relativePath = .;
		};
/* End XCLocalSwiftPackageReference section */

/* Begin XCSwiftPackageProductDependency section */
		F0D2A012B7D24E51900AA112 /* InfrastructureDependencies */ = {
			isa = XCSwiftPackageProductDependency;
			package = F0D2A011B7D24E51900AA111 /* XCLocalSwiftPackageReference "." */;
			productName = InfrastructureDependencies;
		};
/* End XCSwiftPackageProductDependency section */
	};
	rootObject = 2D69139B2F8C291A00FC26B8 /* Project object */;
}
